dependencies:
  espressif/esp_modem:
    component_hash: 40af7f39c6c8c0c85c98014721fca8d9d2186f18f70645c66b94548192cf1e03
    dependencies:
    - name: idf
      require: private
      version: '>=4.1'
    source:
      registry_url: https://components.espressif.com/
      type: service
    version: 1.4.2
  espressif/tinyusb:
    component_hash: 5ea9d3b6d6b0734a0a0b3491967aa0e1bece2974132294dbda5dd2839b247bfa
    dependencies:
    - name: idf
      require: private
      version: '>=5.0'
    source:
      registry_url: https://components.espressif.com/
      type: service
    targets:
    - esp32s2
    - esp32s3
    - esp32p4
    - esp32h4
    version: 0.19.0~2
  idf:
    source:
      type: idf
    version: 5.3.2
direct_dependencies:
- espressif/esp_modem
- espressif/tinyusb
- idf
manifest_hash: 2b4ac1a92f66d83fad7953f90973ea30febc47365147c30115cfeff74e875ee8
target: esp32s3
version: 2.0.0
